
Microsoft Visual Studio Solution File, Format Version 12.00
Project("{FAE04EC0-301F-11D3-BF4B-00C04F79EFBC}") = "Models", "Models\Models.csproj", "{EF0C9D62-F2D8-48E4-83AA-5AB6C6C04BE3}"
EndProject
Project("{FAE04EC0-301F-11D3-BF4B-00C04F79EFBC}") = "DataAccess", "DataAccess\DataAccess.csproj", "{5F819259-EE8F-4F52-B659-F28B7F08D4B0}"
EndProject
Global
	GlobalSection(SolutionConfigurationPlatforms) = preSolution
		Debug|Any CPU = Debug|Any CPU
		Release|Any CPU = Release|Any CPU
	EndGlobalSection
	GlobalSection(ProjectConfigurationPlatforms) = postSolution
		{EF0C9D62-F2D8-48E4-83AA-5AB6C6C04BE3}.Debug|Any CPU.ActiveCfg = Debug|Any CPU
		{EF0C9D62-F2D8-48E4-83AA-5AB6C6C04BE3}.Debug|Any CPU.Build.0 = Debug|Any CPU
		{EF0C9D62-F2D8-48E4-83AA-5AB6C6C04BE3}.Release|Any CPU.ActiveCfg = Release|Any CPU
		{EF0C9D62-F2D8-48E4-83AA-5AB6C6C04BE3}.Release|Any CPU.Build.0 = Release|Any CPU
		{5F819259-EE8F-4F52-B659-F28B7F08D4B0}.Debug|Any CPU.ActiveCfg = Debug|Any CPU
		{5F819259-EE8F-4F52-B659-F28B7F08D4B0}.Debug|Any CPU.Build.0 = Debug|Any CPU
		{5F819259-EE8F-4F52-B659-F28B7F08D4B0}.Release|Any CPU.ActiveCfg = Release|Any CPU
		{5F819259-EE8F-4F52-B659-F28B7F08D4B0}.Release|Any CPU.Build.0 = Release|Any CPU
	EndGlobalSection
EndGlobal
